
Microsoft Visual Studio Solution File, Format Version 12.00
# Visual Studio Version 16
VisualStudioVersion = 16.0.31729.503
MinimumVisualStudioVersion = 10.0.40219.1
Project("{FAE04EC0-301F-11D3-BF4B-00C04F79EFBC}") = "WebClientApplication", "WebClientApplication\WebClientApplication.csproj", "{EBCD67E2-5B14-47A2-A378-6C41842668CD}"
EndProject
Global
	GlobalSection(SolutionConfigurationPlatforms) = preSolution
		Debug|Any CPU = Debug|Any CPU
		Release|Any CPU = Release|Any CPU
	EndGlobalSection
	GlobalSection(ProjectConfigurationPlatforms) = postSolution
		{EBCD67E2-5B14-47A2-A378-6C41842668CD}.Debug|Any CPU.ActiveCfg = Debug|Any CPU
		{EBCD67E2-5B14-47A2-A378-6C41842668CD}.Debug|Any CPU.Build.0 = Debug|Any CPU
		{EBCD67E2-5B14-47A2-A378-6C41842668CD}.Release|Any CPU.ActiveCfg = Release|Any CPU
		{EBCD67E2-5B14-47A2-A378-6C41842668CD}.Release|Any CPU.Build.0 = Release|Any CPU
	EndGlobalSection
	GlobalSection(SolutionProperties) = preSolution
		HideSolutionNode = FALSE
	EndGlobalSection
	GlobalSection(ExtensibilityGlobals) = postSolution
		SolutionGuid = {C01DC19D-9DE4-4B3E-8E68-53D7D5AD19DB}
	EndGlobalSection
EndGlobal
